// !$*UTF8*$!
{
	archiveVersion = 1;
	classes = {
	};
	objectVersion = 50;
	objects = {

/* Begin PBXBuildFile section */
		83A680C1D8D89A6926B345D0 /* Pods_MinAgenda.framework in Frameworks */ = {isa = PBXBuildFile; fileRef = 18A6842703CA7AECA7078116 /* Pods_MinAgenda.framework */; };
		D04F4DDD21935CF100F45B3D /* AppDelegate.swift in Sources */ = {isa = PBXBuildFile; fileRef = D04F4DDC21935CF100F45B3D /* AppDelegate.swift */; };
		D04F4DDF21935CF100F45B3D /* TodoListViewController.swift in Sources */ = {isa = PBXBuildFile; fileRef = D04F4DDE21935CF100F45B3D /* TodoListViewController.swift */; };
		D04F4DE421935CF200F45B3D /* Assets.xcassets in Resources */ = {isa = PBXBuildFile; fileRef = D04F4DE321935CF200F45B3D /* Assets.xcassets */; };
		D04F4DE721935CF200F45B3D /* LaunchScreen.storyboard in Resources */ = {isa = PBXBuildFile; fileRef = D04F4DE521935CF200F45B3D /* LaunchScreen.storyboard */; };
		D04F4DEF2193600900F45B3D /* Main.storyboard in Resources */ = {isa = PBXBuildFile; fileRef = D04F4DEE2193600900F45B3D /* Main.storyboard */; };
		D04F4DF22195EE9900F45B3D /* Item.swift in Sources */ = {isa = PBXBuildFile; fileRef = D04F4DF12195EE9900F45B3D /* Item.swift */; };
		D04F4DF9219746AB00F45B3D /* DataModel.xcdatamodeld in Sources */ = {isa = PBXBuildFile; fileRef = D04F4DF7219746AB00F45B3D /* DataModel.xcdatamodeld */; };
		D06F82B52199C4F000502A9A /* CategoryViewController.swift in Sources */ = {isa = PBXBuildFile; fileRef = D06F82B42199C4F000502A9A /* CategoryViewController.swift */; };
		D06F82BB2199D31C00502A9A /* ControllerBase.swift in Sources */ = {isa = PBXBuildFile; fileRef = D06F82BA2199D31C00502A9A /* ControllerBase.swift */; };
/* End PBXBuildFile section */

/* Begin PBXFileReference section */
		18A6842703CA7AECA7078116 /* Pods_MinAgenda.framework */ = {isa = PBXFileReference; explicitFileType = wrapper.framework; includeInIndex = 0; path = Pods_MinAgenda.framework; sourceTree = BUILT_PRODUCTS_DIR; };
		1E6F41BA8373C5A34D9F26B2 /* Pods-MinAgenda.debug.xcconfig */ = {isa = PBXFileReference; includeInIndex = 1; lastKnownFileType = text.xcconfig; name = "Pods-MinAgenda.debug.xcconfig"; path = "Pods/Target Support Files/Pods-MinAgenda/Pods-MinAgenda.debug.xcconfig"; sourceTree = "<group>"; };
		66E1407BA682E90BDB9077BD /* Pods-MinAgenda.release.xcconfig */ = {isa = PBXFileReference; includeInIndex = 1; lastKnownFileType = text.xcconfig; name = "Pods-MinAgenda.release.xcconfig"; path = "Pods/Target Support Files/Pods-MinAgenda/Pods-MinAgenda.release.xcconfig"; sourceTree = "<group>"; };
		D04F4DD921935CF100F45B3D /* MinAgenda.app */ = {isa = PBXFileReference; explicitFileType = wrapper.application; includeInIndex = 0; path = MinAgenda.app; sourceTree = BUILT_PRODUCTS_DIR; };
		D04F4DDC21935CF100F45B3D /* AppDelegate.swift */ = {isa = PBXFileReference; lastKnownFileType = sourcecode.swift; path = AppDelegate.swift; sourceTree = "<group>"; };
		D04F4DDE21935CF100F45B3D /* TodoListViewController.swift */ = {isa = PBXFileReference; lastKnownFileType = sourcecode.swift; path = TodoListViewController.swift; sourceTree = "<group>"; };
		D04F4DE321935CF200F45B3D /* Assets.xcassets */ = {isa = PBXFileReference; lastKnownFileType = folder.assetcatalog; path = Assets.xcassets; sourceTree = "<group>"; };
		D04F4DE621935CF200F45B3D /* Base */ = {isa = PBXFileReference; lastKnownFileType = file.storyboard; name = Base; path = Base.lproj/LaunchScreen.storyboard; sourceTree = "<group>"; };
		D04F4DE821935CF200F45B3D /* Info.plist */ = {isa = PBXFileReference; lastKnownFileType = text.plist.xml; path = Info.plist; sourceTree = "<group>"; };
		D04F4DEE2193600900F45B3D /* Main.storyboard */ = {isa = PBXFileReference; fileEncoding = 4; lastKnownFileType = file.storyboard; path = Main.storyboard; sourceTree = "<group>"; };
		D04F4DF12195EE9900F45B3D /* Item.swift */ = {isa = PBXFileReference; lastKnownFileType = sourcecode.swift; path = Item.swift; sourceTree = "<group>"; };
		D04F4DF8219746AB00F45B3D /* DataModel.xcdatamodel */ = {isa = PBXFileReference; lastKnownFileType = wrapper.xcdatamodel; path = DataModel.xcdatamodel; sourceTree = "<group>"; };
		D06F82B42199C4F000502A9A /* CategoryViewController.swift */ = {isa = PBXFileReference; lastKnownFileType = sourcecode.swift; path = CategoryViewController.swift; sourceTree = "<group>"; };
		D06F82BA2199D31C00502A9A /* ControllerBase.swift */ = {isa = PBXFileReference; lastKnownFileType = sourcecode.swift; path = ControllerBase.swift; sourceTree = "<group>"; };
/* End PBXFileReference section */

/* Begin PBXFrameworksBuildPhase section */
		D04F4DD621935CF100F45B3D /* Frameworks */ = {
			isa = PBXFrameworksBuildPhase;
			buildActionMask = 2147483647;
			files = (
				83A680C1D8D89A6926B345D0 /* Pods_MinAgenda.framework in Frameworks */,
			);
			runOnlyForDeploymentPostprocessing = 0;
		};
/* End PBXFrameworksBuildPhase section */

/* Begin PBXGroup section */
		B4B5ED66AA21C72171896180 /* Frameworks */ = {
			isa = PBXGroup;
			children = (
				18A6842703CA7AECA7078116 /* Pods_MinAgenda.framework */,
			);
			name = Frameworks;
			sourceTree = "<group>";
		};
		BC1BC9E28745EB9846256B20 /* Pods */ = {
			isa = PBXGroup;
			children = (
				1E6F41BA8373C5A34D9F26B2 /* Pods-MinAgenda.debug.xcconfig */,
				66E1407BA682E90BDB9077BD /* Pods-MinAgenda.release.xcconfig */,
			);
			name = Pods;
			sourceTree = "<group>";
		};
		D04F4DD021935CF100F45B3D = {
			isa = PBXGroup;
			children = (
				D04F4DDB21935CF100F45B3D /* MinAgenda */,
				D04F4DDA21935CF100F45B3D /* Products */,
				BC1BC9E28745EB9846256B20 /* Pods */,
				B4B5ED66AA21C72171896180 /* Frameworks */,
			);
			sourceTree = "<group>";
		};
		D04F4DDA21935CF100F45B3D /* Products */ = {
			isa = PBXGroup;
			children = (
				D04F4DD921935CF100F45B3D /* MinAgenda.app */,
			);
			name = Products;
			sourceTree = "<group>";
		};
		D04F4DDB21935CF100F45B3D /* MinAgenda */ = {
			isa = PBXGroup;
			children = (
				D04F4DDC21935CF100F45B3D /* AppDelegate.swift */,
				D04F4DF42195EECD00F45B3D /* Controllers */,
				D04F4DF02195EE7500F45B3D /* Models */,
				D04F4DF52195EF0F00F45B3D /* View */,
				D04F4DF62195EF4800F45B3D /* Supporting Files */,
				D04F4DE821935CF200F45B3D /* Info.plist */,
			);
			path = MinAgenda;
			sourceTree = "<group>";
		};
		D04F4DF02195EE7500F45B3D /* Models */ = {
			isa = PBXGroup;
			children = (
				D04F4DF7219746AB00F45B3D /* DataModel.xcdatamodeld */,
				D04F4DF12195EE9900F45B3D /* Item.swift */,
			);
			path = Models;
			sourceTree = "<group>";
		};
		D04F4DF42195EECD00F45B3D /* Controllers */ = {
			isa = PBXGroup;
			children = (
				D06F82B42199C4F000502A9A /* CategoryViewController.swift */,
				D04F4DDE21935CF100F45B3D /* TodoListViewController.swift */,
				D06F82BA2199D31C00502A9A /* ControllerBase.swift */,
			);
			path = Controllers;
			sourceTree = "<group>";
		};
		D04F4DF52195EF0F00F45B3D /* View */ = {
			isa = PBXGroup;
			children = (
				D04F4DEE2193600900F45B3D /* Main.storyboard */,
			);
			path = View;
			sourceTree = "<group>";
		};
		D04F4DF62195EF4800F45B3D /* Supporting Files */ = {
			isa = PBXGroup;
			children = (
				D04F4DE321935CF200F45B3D /* Assets.xcassets */,
				D04F4DE521935CF200F45B3D /* LaunchScreen.storyboard */,
			);
			path = "Supporting Files";
			sourceTree = "<group>";
		};
/* End PBXGroup section */

/* Begin PBXNativeTarget section */
		D04F4DD821935CF100F45B3D /* MinAgenda */ = {
			isa = PBXNativeTarget;
			buildConfigurationList = D04F4DEB21935CF200F45B3D /* Build configuration list for PBXNativeTarget "MinAgenda" */;
			buildPhases = (
				B0DF07A2F1B9CE6B6F19B8E2 /* [CP] Check Pods Manifest.lock */,
				D04F4DD521935CF100F45B3D /* Sources */,
				D04F4DD621935CF100F45B3D /* Frameworks */,
				D04F4DD721935CF100F45B3D /* Resources */,
				EA563772969CEE128F86E735 /* [CP] Embed Pods Frameworks */,
			);
			buildRules = (
			);
			dependencies = (
			);
			name = MinAgenda;
			productName = MinAgenda;
			productReference = D04F4DD921935CF100F45B3D /* MinAgenda.app */;
			productType = "com.apple.product-type.application";
		};
/* End PBXNativeTarget section */

/* Begin PBXProject section */
		D04F4DD121935CF100F45B3D /* Project object */ = {
			isa = PBXProject;
			attributes = {
				LastSwiftUpdateCheck = 1010;
				LastUpgradeCheck = 1010;
				ORGANIZATIONNAME = "Redesajn Interactive Solutions";
				TargetAttributes = {
					D04F4DD821935CF100F45B3D = {
						CreatedOnToolsVersion = 10.1;
					};
				};
			};
			buildConfigurationList = D04F4DD421935CF100F45B3D /* Build configuration list for PBXProject "MinAgenda" */;
			compatibilityVersion = "Xcode 9.3";
			developmentRegion = en;
			hasScannedForEncodings = 0;
			knownRegions = (
				en,
				Base,
			);
			mainGroup = D04F4DD021935CF100F45B3D;
			productRefGroup = D04F4DDA21935CF100F45B3D /* Products */;
			projectDirPath = "";
			projectRoot = "";
			targets = (
				D04F4DD821935CF100F45B3D /* MinAgenda */,
			);
		};
/* End PBXProject section */

/* Begin PBXResourcesBuildPhase section */
		D04F4DD721935CF100F45B3D /* Resources */ = {
			isa = PBXResourcesBuildPhase;
			buildActionMask = 2147483647;
			files = (
				D04F4DEF2193600900F45B3D /* Main.storyboard in Resources */,
				D04F4DE721935CF200F45B3D /* LaunchScreen.storyboard in Resources */,
				D04F4DE421935CF200F45B3D /* Assets.xcassets in Resources */,
			);
			runOnlyForDeploymentPostprocessing = 0;
		};
/* End PBXResourcesBuildPhase section */

/* Begin PBXShellScriptBuildPhase section */
		B0DF07A2F1B9CE6B6F19B8E2 /* [CP] Check Pods Manifest.lock */ = {
			isa = PBXShellScriptBuildPhase;
			buildActionMask = 2147483647;
			files = (
			);
			inputFileListPaths = (
			);
			inputPaths = (
				"${PODS_PODFILE_DIR_PATH}/Podfile.lock",
				"${PODS_ROOT}/Manifest.lock",
			);
			name = "[CP] Check Pods Manifest.lock";
			outputFileListPaths = (
			);
			outputPaths = (
				"$(DERIVED_FILE_DIR)/Pods-MinAgenda-checkManifestLockResult.txt",
			);
			runOnlyForDeploymentPostprocessing = 0;
			shellPath = /bin/sh;
			shellScript = "diff \"${PODS_PODFILE_DIR_PATH}/Podfile.lock\" \"${PODS_ROOT}/Manifest.lock\" > /dev/null\nif [ $? != 0 ] ; then\n    # print error to STDERR\n    echo \"error: The sandbox is not in sync with the Podfile.lock. Run 'pod install' or update your CocoaPods installation.\" >&2\n    exit 1\nfi\n# This output is used by Xcode 'outputs' to avoid re-running this script phase.\necho \"SUCCESS\" > \"${SCRIPT_OUTPUT_FILE_0}\"\n";
			showEnvVarsInLog = 0;
		};
		EA563772969CEE128F86E735 /* [CP] Embed Pods Frameworks */ = {
			isa = PBXShellScriptBuildPhase;
			buildActionMask = 2147483647;
			files = (
			);
			inputFileListPaths = (
			);
			inputPaths = (
				"${SRCROOT}/Pods/Target Support Files/Pods-MinAgenda/Pods-MinAgenda-frameworks.sh",
				"${BUILT_PRODUCTS_DIR}/Realm/Realm.framework",
				"${BUILT_PRODUCTS_DIR}/RealmSwift/RealmSwift.framework",
			);
			name = "[CP] Embed Pods Frameworks";
			outputFileListPaths = (
			);
			outputPaths = (
				"${TARGET_BUILD_DIR}/${FRAMEWORKS_FOLDER_PATH}/Realm.framework",
				"${TARGET_BUILD_DIR}/${FRAMEWORKS_FOLDER_PATH}/RealmSwift.framework",
			);
			runOnlyForDeploymentPostprocessing = 0;
			shellPath = /bin/sh;
			shellScript = "\"${SRCROOT}/Pods/Target Support Files/Pods-MinAgenda/Pods-MinAgenda-frameworks.sh\"\n";
			showEnvVarsInLog = 0;
		};
/* End PBXShellScriptBuildPhase section */

/* Begin PBXSourcesBuildPhase section */
		D04F4DD521935CF100F45B3D /* Sources */ = {
			isa = PBXSourcesBuildPhase;
			buildActionMask = 2147483647;
			files = (
				D06F82B52199C4F000502A9A /* CategoryViewController.swift in Sources */,
				D04F4DDF21935CF100F45B3D /* TodoListViewController.swift in Sources */,
				D04F4DF9219746AB00F45B3D /* DataModel.xcdatamodeld in Sources */,
				D04F4DF22195EE9900F45B3D /* Item.swift in Sources */,
				D06F82BB2199D31C00502A9A /* ControllerBase.swift in Sources */,
				D04F4DDD21935CF100F45B3D /* AppDelegate.swift in Sources */,
			);
			runOnlyForDeploymentPostprocessing = 0;
		};
/* End PBXSourcesBuildPhase section */

/* Begin PBXVariantGroup section */
		D04F4DE521935CF200F45B3D /* LaunchScreen.storyboard */ = {
			isa = PBXVariantGroup;
			children = (
				D04F4DE621935CF200F45B3D /* Base */,
			);
			name = LaunchScreen.storyboard;
			sourceTree = "<group>";
		};
/* End PBXVariantGroup section */

/* Begin XCBuildConfiguration section */
		D04F4DE921935CF200F45B3D /* Debug */ = {
			isa = XCBuildConfiguration;
			buildSettings = {
				ALWAYS_SEARCH_USER_PATHS = NO;
				CLANG_ANALYZER_NONNULL = YES;
				CLANG_ANALYZER_NUMBER_OBJECT_CONVERSION = YES_AGGRESSIVE;
				CLANG_CXX_LANGUAGE_STANDARD = "gnu++14";
				CLANG_CXX_LIBRARY = "libc++";
				CLANG_ENABLE_MODULES = YES;
				CLANG_ENABLE_OBJC_ARC = YES;
				CLANG_ENABLE_OBJC_WEAK = YES;
				CLANG_WARN_BLOCK_CAPTURE_AUTORELEASING = YES;
				CLANG_WARN_BOOL_CONVERSION = YES;
				CLANG_WARN_COMMA = YES;
				CLANG_WARN_CONSTANT_CONVERSION = YES;
				CLANG_WARN_DEPRECATED_OBJC_IMPLEMENTATIONS = YES;
				CLANG_WARN_DIRECT_OBJC_ISA_USAGE = YES_ERROR;
				CLANG_WARN_DOCUMENTATION_COMMENTS = YES;
				CLANG_WARN_EMPTY_BODY = YES;
				CLANG_WARN_ENUM_CONVERSION = YES;
				CLANG_WARN_INFINITE_RECURSION = YES;
				CLANG_WARN_INT_CONVERSION = YES;
				CLANG_WARN_NON_LITERAL_NULL_CONVERSION = YES;
				CLANG_WARN_OBJC_IMPLICIT_RETAIN_SELF = YES;
				CLANG_WARN_OBJC_LITERAL_CONVERSION = YES;
				CLANG_WARN_OBJC_ROOT_CLASS = YES_ERROR;
				CLANG_WARN_RANGE_LOOP_ANALYSIS = YES;
				CLANG_WARN_STRICT_PROTOTYPES = YES;
				CLANG_WARN_SUSPICIOUS_MOVE = YES;
				CLANG_WARN_UNGUARDED_AVAILABILITY = YES_AGGRESSIVE;
				CLANG_WARN_UNREACHABLE_CODE = YES;
				CLANG_WARN__DUPLICATE_METHOD_MATCH = YES;
				CODE_SIGN_IDENTITY = "iPhone Developer";
				COPY_PHASE_STRIP = NO;
				DEBUG_INFORMATION_FORMAT = dwarf;
				ENABLE_STRICT_OBJC_MSGSEND = YES;
				ENABLE_TESTABILITY = YES;
				GCC_C_LANGUAGE_STANDARD = gnu11;
				GCC_DYNAMIC_NO_PIC = NO;
				GCC_NO_COMMON_BLOCKS = YES;
				GCC_OPTIMIZATION_LEVEL = 0;
				GCC_PREPROCESSOR_DEFINITIONS = (
					"DEBUG=1",
					"$(inherited)",
				);
				GCC_WARN_64_TO_32_BIT_CONVERSION = YES;
				GCC_WARN_ABOUT_RETURN_TYPE = YES_ERROR;
				GCC_WARN_UNDECLARED_SELECTOR = YES;
				GCC_WARN_UNINITIALIZED_AUTOS = YES_AGGRESSIVE;
				GCC_WARN_UNUSED_FUNCTION = YES;
				GCC_WARN_UNUSED_VARIABLE = YES;
				IPHONEOS_DEPLOYMENT_TARGET = 12.1;
				MTL_ENABLE_DEBUG_INFO = INCLUDE_SOURCE;
				MTL_FAST_MATH = YES;
				ONLY_ACTIVE_ARCH = YES;
				SDKROOT = iphoneos;
				SWIFT_ACTIVE_COMPILATION_CONDITIONS = DEBUG;
				SWIFT_OPTIMIZATION_LEVEL = "-Onone";
			};
			name = Debug;
		};
		D04F4DEA21935CF200F45B3D /* Release */ = {
			isa = XCBuildConfiguration;
			buildSettings = {
				ALWAYS_SEARCH_USER_PATHS = NO;
				CLANG_ANALYZER_NONNULL = YES;
				CLANG_ANALYZER_NUMBER_OBJECT_CONVERSION = YES_AGGRESSIVE;
				CLANG_CXX_LANGUAGE_STANDARD = "gnu++14";
				CLANG_CXX_LIBRARY = "libc++";
				CLANG_ENABLE_MODULES = YES;
				CLANG_ENABLE_OBJC_ARC = YES;
				CLANG_ENABLE_OBJC_WEAK = YES;
				CLANG_WARN_BLOCK_CAPTURE_AUTORELEASING = YES;
				CLANG_WARN_BOOL_CONVERSION = YES;
				CLANG_WARN_COMMA = YES;
				CLANG_WARN_CONSTANT_CONVERSION = YES;
				CLANG_WARN_DEPRECATED_OBJC_IMPLEMENTATIONS = YES;
				CLANG_WARN_DIRECT_OBJC_ISA_USAGE = YES_ERROR;
				CLANG_WARN_DOCUMENTATION_COMMENTS = YES;
				CLANG_WARN_EMPTY_BODY = YES;
				CLANG_WARN_ENUM_CONVERSION = YES;
				CLANG_WARN_INFINITE_RECURSION = YES;
				CLANG_WARN_INT_CONVERSION = YES;
				CLANG_WARN_NON_LITERAL_NULL_CONVERSION = YES;
				CLANG_WARN_OBJC_IMPLICIT_RETAIN_SELF = YES;
				CLANG_WARN_OBJC_LITERAL_CONVERSION = YES;
				CLANG_WARN_OBJC_ROOT_CLASS = YES_ERROR;
				CLANG_WARN_RANGE_LOOP_ANALYSIS = YES;
				CLANG_WARN_STRICT_PROTOTYPES = YES;
				CLANG_WARN_SUSPICIOUS_MOVE = YES;
				CLANG_WARN_UNGUARDED_AVAILABILITY = YES_AGGRESSIVE;
				CLANG_WARN_UNREACHABLE_CODE = YES;
				CLANG_WARN__DUPLICATE_METHOD_MATCH = YES;
				CODE_SIGN_IDENTITY = "iPhone Developer";
				COPY_PHASE_STRIP = NO;
				DEBUG_INFORMATION_FORMAT = "dwarf-with-dsym";
				ENABLE_NS_ASSERTIONS = NO;
				ENABLE_STRICT_OBJC_MSGSEND = YES;
				GCC_C_LANGUAGE_STANDARD = gnu11;
				GCC_NO_COMMON_BLOCKS = YES;
				GCC_WARN_64_TO_32_BIT_CONVERSION = YES;
				GCC_WARN_ABOUT_RETURN_TYPE = YES_ERROR;
				GCC_WARN_UNDECLARED_SELECTOR = YES;
				GCC_WARN_UNINITIALIZED_AUTOS = YES_AGGRESSIVE;
				GCC_WARN_UNUSED_FUNCTION = YES;
				GCC_WARN_UNUSED_VARIABLE = YES;
				IPHONEOS_DEPLOYMENT_TARGET = 12.1;
				MTL_ENABLE_DEBUG_INFO = NO;
				MTL_FAST_MATH = YES;
				SDKROOT = iphoneos;
				SWIFT_COMPILATION_MODE = wholemodule;
				SWIFT_OPTIMIZATION_LEVEL = "-O";
				VALIDATE_PRODUCT = YES;
			};
			name = Release;
		};
		D04F4DEC21935CF200F45B3D /* Debug */ = {
			isa = XCBuildConfiguration;
			baseConfigurationReference = 1E6F41BA8373C5A34D9F26B2 /* Pods-MinAgenda.debug.xcconfig */;
			buildSettings = {
				ASSETCATALOG_COMPILER_APPICON_NAME = AppIcon;
				CODE_SIGN_STYLE = Automatic;
				DEVELOPMENT_TEAM = 8LQCVK238Y;
				INFOPLIST_FILE = MinAgenda/Info.plist;
				LD_RUNPATH_SEARCH_PATHS = (
					"$(inherited)",
					"@executable_path/Frameworks",
				);
				PRODUCT_BUNDLE_IDENTIFIER = com.redesajn.MinAgenda;
				PRODUCT_NAME = "$(TARGET_NAME)";
				SWIFT_VERSION = 4.2;
				TARGETED_DEVICE_FAMILY = "1,2";
			};
			name = Debug;
		};
		D04F4DED21935CF200F45B3D /* Release */ = {
			isa = XCBuildConfiguration;
			baseConfigurationReference = 66E1407BA682E90BDB9077BD /* Pods-MinAgenda.release.xcconfig */;
			buildSettings = {
				ASSETCATALOG_COMPILER_APPICON_NAME = AppIcon;
				CODE_SIGN_STYLE = Automatic;
				DEVELOPMENT_TEAM = 8LQCVK238Y;
				INFOPLIST_FILE = MinAgenda/Info.plist;
				LD_RUNPATH_SEARCH_PATHS = (
					"$(inherited)",
					"@executable_path/Frameworks",
				);
				PRODUCT_BUNDLE_IDENTIFIER = com.redesajn.MinAgenda;
				PRODUCT_NAME = "$(TARGET_NAME)";
				SWIFT_VERSION = 4.2;
				TARGETED_DEVICE_FAMILY = "1,2";
			};
			name = Release;
		};
/* End XCBuildConfiguration section */

/* Begin XCConfigurationList section */
		D04F4DD421935CF100F45B3D /* Build configuration list for PBXProject "MinAgenda" */ = {
			isa = XCConfigurationList;
			buildConfigurations = (
				D04F4DE921935CF200F45B3D /* Debug */,
				D04F4DEA21935CF200F45B3D /* Release */,
			);
			defaultConfigurationIsVisible = 0;
			defaultConfigurationName = Release;
		};
		D04F4DEB21935CF200F45B3D /* Build configuration list for PBXNativeTarget "MinAgenda" */ = {
			isa = XCConfigurationList;
			buildConfigurations = (
				D04F4DEC21935CF200F45B3D /* Debug */,
				D04F4DED21935CF200F45B3D /* Release */,
			);
			defaultConfigurationIsVisible = 0;
			defaultConfigurationName = Release;
		};
/* End XCConfigurationList section */

/* Begin XCVersionGroup section */
		D04F4DF7219746AB00F45B3D /* DataModel.xcdatamodeld */ = {
			isa = XCVersionGroup;
			children = (
				D04F4DF8219746AB00F45B3D /* DataModel.xcdatamodel */,
			);
			currentVersion = D04F4DF8219746AB00F45B3D /* DataModel.xcdatamodel */;
			path = DataModel.xcdatamodeld;
			sourceTree = "<group>";
			versionGroupType = wrapper.xcdatamodel;
		};
/* End XCVersionGroup section */
	};
	rootObject = D04F4DD121935CF100F45B3D /* Project object */;
}
